
Microsoft Visual Studio Solution File, Format Version 12.00
# Visual Studio 15
VisualStudioVersion = 15.0.26730.12
MinimumVisualStudioVersion = 10.0.40219.1
Project("{9092AA53-FB77-4645-B42D-1CCCA6BD08BD}") = "NodeWebServer", "NodeWebServer\NodeWebServer.njsproj", "{66BD4405-8937-4DBC-8825-4B2EFFA73FBE}"
EndProject
Global
	GlobalSection(SolutionConfigurationPlatforms) = preSolution
		Debug|Any CPU = Debug|Any CPU
		Release|Any CPU = Release|Any CPU
	EndGlobalSection
	GlobalSection(ProjectConfigurationPlatforms) = postSolution
		{66BD4405-8937-4DBC-8825-4B2EFFA73FBE}.Debug|Any CPU.ActiveCfg = Debug|Any CPU
		{66BD4405-8937-4DBC-8825-4B2EFFA73FBE}.Debug|Any CPU.Build.0 = Debug|Any CPU
		{66BD4405-8937-4DBC-8825-4B2EFFA73FBE}.Release|Any CPU.ActiveCfg = Release|Any CPU
		{66BD4405-8937-4DBC-8825-4B2EFFA73FBE}.Release|Any CPU.Build.0 = Release|Any CPU
	EndGlobalSection
	GlobalSection(SolutionProperties) = preSolution
		HideSolutionNode = FALSE
	EndGlobalSection
	GlobalSection(ExtensibilityGlobals) = postSolution
		SolutionGuid = {040CFDD0-9099-4220-9A90-F2CFD365221C}
	EndGlobalSection
EndGlobal
